
Microsoft Visual Studio Solution File, Format Version 12.00
# Visual Studio 15
VisualStudioVersion = 15.0.28010.2046
MinimumVisualStudioVersion = 10.0.40219.1
Project("{FAE04EC0-301F-11D3-BF4B-00C04F79EFBC}") = "MO", "MO\MO.csproj", "{B27C5943-F0C7-4FC8-B676-4207535D6AE4}"
EndProject
Project("{FAE04EC0-301F-11D3-BF4B-00C04F79EFBC}") = "TesteMO", "TesteMO\TesteMO.csproj", "{77B8E8E2-540F-4495-9992-0392B0ACDAAD}"
EndProject
Global
	GlobalSection(SolutionConfigurationPlatforms) = preSolution
		Debug|Any CPU = Debug|Any CPU
		Release|Any CPU = Release|Any CPU
	EndGlobalSection
	GlobalSection(ProjectConfigurationPlatforms) = postSolution
		{B27C5943-F0C7-4FC8-B676-4207535D6AE4}.Debug|Any CPU.ActiveCfg = Debug|Any CPU
		{B27C5943-F0C7-4FC8-B676-4207535D6AE4}.Debug|Any CPU.Build.0 = Debug|Any CPU
		{B27C5943-F0C7-4FC8-B676-4207535D6AE4}.Release|Any CPU.ActiveCfg = Release|Any CPU
		{B27C5943-F0C7-4FC8-B676-4207535D6AE4}.Release|Any CPU.Build.0 = Release|Any CPU
		{77B8E8E2-540F-4495-9992-0392B0ACDAAD}.Debug|Any CPU.ActiveCfg = Debug|Any CPU
		{77B8E8E2-540F-4495-9992-0392B0ACDAAD}.Debug|Any CPU.Build.0 = Debug|Any CPU
		{77B8E8E2-540F-4495-9992-0392B0ACDAAD}.Release|Any CPU.ActiveCfg = Release|Any CPU
		{77B8E8E2-540F-4495-9992-0392B0ACDAAD}.Release|Any CPU.Build.0 = Release|Any CPU
	EndGlobalSection
	GlobalSection(SolutionProperties) = preSolution
		HideSolutionNode = FALSE
	EndGlobalSection
	GlobalSection(ExtensibilityGlobals) = postSolution
		SolutionGuid = {2AAF396E-C85C-449E-A9A7-7071DF1B55F5}
	EndGlobalSection
EndGlobal
